
Microsoft Visual Studio Solution File, Format Version 12.00
# Visual Studio Version 17
VisualStudioVersion = 17.6.33815.320
MinimumVisualStudioVersion = 10.0.40219.1
Project("{2150E333-8FDC-42A3-9474-1A3956D46DE8}") = "Services", "Services", "{483BBFCB-ECD8-4938-9C31-A1AE93478443}"
EndProject
Project("{2150E333-8FDC-42A3-9474-1A3956D46DE8}") = "Catalog", "Catalog", "{5294F50B-7FED-43E5-A6BA-82301DD4FF53}"
EndProject
Project("{9A19103F-16F7-4668-BE54-9A1E7A4F7556}") = "Catalog.API", "Services\Catalog\Catalog.API\Catalog.API.csproj", "{79A2243A-81FF-439A-B2AD-C837EB35EE26}"
EndProject
Project("{E53339B2-1760-4266-BCC7-CA923CBCF16C}") = "docker-compose", "docker-compose.dcproj", "{1D736CD1-B4DE-49AA-9A85-746937C7E30C}"
EndProject
Project("{2150E333-8FDC-42A3-9474-1A3956D46DE8}") = "Basket", "Basket", "{4E3527EE-417C-491E-8A3F-DDA31591D209}"
EndProject
Project("{9A19103F-16F7-4668-BE54-9A1E7A4F7556}") = "Basket.API", "Services\Basket\Basket.API\Basket.API.csproj", "{7EAD2756-8468-4B72-A854-746CC4EDD69C}"
EndProject
Project("{2150E333-8FDC-42A3-9474-1A3956D46DE8}") = "Discount", "Discount", "{FE224A1A-2452-4F72-8CF5-86A98DD0AD2B}"
EndProject
Project("{9A19103F-16F7-4668-BE54-9A1E7A4F7556}") = "Discount.API", "Services\Discount\Discount.API\Discount.API.csproj", "{D170ACEF-1C16-4B34-B0E8-DB59CA797095}"
EndProject
Project("{9A19103F-16F7-4668-BE54-9A1E7A4F7556}") = "Discount.Grpc", "Services\Discount\Discount.Grpc\Discount.Grpc.csproj", "{10B35B32-06EE-4659-9C52-3979FB9426A3}"
EndProject
Project("{2150E333-8FDC-42A3-9474-1A3956D46DE8}") = "Ordering", "Ordering", "{DFEA7262-53E0-49A1-851C-31857CEC5985}"
EndProject
Project("{9A19103F-16F7-4668-BE54-9A1E7A4F7556}") = "Ordering.API", "Services\Ordering\Ordering.API\Ordering.API.csproj", "{B7BE4C07-53D5-4FE9-9049-8AA66DDA3775}"
EndProject
Project("{9A19103F-16F7-4668-BE54-9A1E7A4F7556}") = "Ordering.Application", "Services\Ordering\Ordering.Application\Ordering.Application.csproj", "{E28D456C-2939-4052-9336-5B69FB7A8DC6}"
EndProject
Project("{9A19103F-16F7-4668-BE54-9A1E7A4F7556}") = "Ordering.Domain", "Services\Ordering\Ordering.Domain\Ordering.Domain.csproj", "{9409299B-885E-48AC-A0F8-B19D253DB443}"
EndProject
Project("{9A19103F-16F7-4668-BE54-9A1E7A4F7556}") = "Ordering.Infrastructure", "Services\Ordering\Ordering.Infrastructure\Ordering.Infrastructure.csproj", "{CA4890D0-0AF5-415A-B8C9-911EC7D85BBE}"
EndProject
Project("{2150E333-8FDC-42A3-9474-1A3956D46DE8}") = "OrderingDbFirst", "OrderingDbFirst", "{FBF01FDA-0B0A-4543-868E-3F4B55EA0EC7}"
EndProject
Project("{FAE04EC0-301F-11D3-BF4B-00C04F79EFBC}") = "OrderingDbFirst.API", "Services\OrderingDbFirst\OrderingDbFirst.API\OrderingDbFirst.API.csproj", "{33D7BD33-A04A-4BD8-8321-7152FC0B930D}"
EndProject
Project("{FAE04EC0-301F-11D3-BF4B-00C04F79EFBC}") = "OrderingDbFirst.Services", "Services\OrderingDbFirst\OrderingDbFirst.Services\OrderingDbFirst.Services.csproj", "{5AE66668-0724-48EC-A6EB-A9D71220C108}"
EndProject
Project("{FAE04EC0-301F-11D3-BF4B-00C04F79EFBC}") = "OrderingDbFirst.Repository", "Services\OrderingDbFirst\OrderingDbFirst.Repository\OrderingDbFirst.Repository.csproj", "{E7F21087-791D-479E-B8D9-3EFAB5BE996F}"
EndProject
Project("{FAE04EC0-301F-11D3-BF4B-00C04F79EFBC}") = "OrderingDbFirst.Models", "Services\OrderingDbFirst\OrderingDbFirst.Models\OrderingDbFirst.Models.csproj", "{22414AAD-C2DB-4783-98C5-07FD177D34D8}"
EndProject
Project("{FAE04EC0-301F-11D3-BF4B-00C04F79EFBC}") = "OrderingDbFirst.Utilities", "Services\OrderingDbFirst\OrderingDbFirst.Utilities\OrderingDbFirst.Utilities.csproj", "{656F0AC1-5C50-4450-B00C-E8351156687B}"
EndProject
Global
	GlobalSection(SolutionConfigurationPlatforms) = preSolution
		Debug|Any CPU = Debug|Any CPU
		Release|Any CPU = Release|Any CPU
	EndGlobalSection
	GlobalSection(ProjectConfigurationPlatforms) = postSolution
		{79A2243A-81FF-439A-B2AD-C837EB35EE26}.Debug|Any CPU.ActiveCfg = Debug|Any CPU
		{79A2243A-81FF-439A-B2AD-C837EB35EE26}.Debug|Any CPU.Build.0 = Debug|Any CPU
		{79A2243A-81FF-439A-B2AD-C837EB35EE26}.Release|Any CPU.ActiveCfg = Release|Any CPU
		{79A2243A-81FF-439A-B2AD-C837EB35EE26}.Release|Any CPU.Build.0 = Release|Any CPU
		{1D736CD1-B4DE-49AA-9A85-746937C7E30C}.Debug|Any CPU.ActiveCfg = Debug|Any CPU
		{1D736CD1-B4DE-49AA-9A85-746937C7E30C}.Debug|Any CPU.Build.0 = Debug|Any CPU
		{1D736CD1-B4DE-49AA-9A85-746937C7E30C}.Release|Any CPU.ActiveCfg = Release|Any CPU
		{1D736CD1-B4DE-49AA-9A85-746937C7E30C}.Release|Any CPU.Build.0 = Release|Any CPU
		{7EAD2756-8468-4B72-A854-746CC4EDD69C}.Debug|Any CPU.ActiveCfg = Debug|Any CPU
		{7EAD2756-8468-4B72-A854-746CC4EDD69C}.Debug|Any CPU.Build.0 = Debug|Any CPU
		{7EAD2756-8468-4B72-A854-746CC4EDD69C}.Release|Any CPU.ActiveCfg = Release|Any CPU
		{7EAD2756-8468-4B72-A854-746CC4EDD69C}.Release|Any CPU.Build.0 = Release|Any CPU
		{D170ACEF-1C16-4B34-B0E8-DB59CA797095}.Debug|Any CPU.ActiveCfg = Debug|Any CPU
		{D170ACEF-1C16-4B34-B0E8-DB59CA797095}.Debug|Any CPU.Build.0 = Debug|Any CPU
		{D170ACEF-1C16-4B34-B0E8-DB59CA797095}.Release|Any CPU.ActiveCfg = Release|Any CPU
		{D170ACEF-1C16-4B34-B0E8-DB59CA797095}.Release|Any CPU.Build.0 = Release|Any CPU
		{10B35B32-06EE-4659-9C52-3979FB9426A3}.Debug|Any CPU.ActiveCfg = Debug|Any CPU
		{10B35B32-06EE-4659-9C52-3979FB9426A3}.Debug|Any CPU.Build.0 = Debug|Any CPU
		{10B35B32-06EE-4659-9C52-3979FB9426A3}.Release|Any CPU.ActiveCfg = Release|Any CPU
		{10B35B32-06EE-4659-9C52-3979FB9426A3}.Release|Any CPU.Build.0 = Release|Any CPU
		{B7BE4C07-53D5-4FE9-9049-8AA66DDA3775}.Debug|Any CPU.ActiveCfg = Debug|Any CPU
		{B7BE4C07-53D5-4FE9-9049-8AA66DDA3775}.Debug|Any CPU.Build.0 = Debug|Any CPU
		{B7BE4C07-53D5-4FE9-9049-8AA66DDA3775}.Release|Any CPU.ActiveCfg = Release|Any CPU
		{B7BE4C07-53D5-4FE9-9049-8AA66DDA3775}.Release|Any CPU.Build.0 = Release|Any CPU
		{E28D456C-2939-4052-9336-5B69FB7A8DC6}.Debug|Any CPU.ActiveCfg = Debug|Any CPU
		{E28D456C-2939-4052-9336-5B69FB7A8DC6}.Debug|Any CPU.Build.0 = Debug|Any CPU
		{E28D456C-2939-4052-9336-5B69FB7A8DC6}.Release|Any CPU.ActiveCfg = Release|Any CPU
		{E28D456C-2939-4052-9336-5B69FB7A8DC6}.Release|Any CPU.Build.0 = Release|Any CPU
		{9409299B-885E-48AC-A0F8-B19D253DB443}.Debug|Any CPU.ActiveCfg = Debug|Any CPU
		{9409299B-885E-48AC-A0F8-B19D253DB443}.Debug|Any CPU.Build.0 = Debug|Any CPU
		{9409299B-885E-48AC-A0F8-B19D253DB443}.Release|Any CPU.ActiveCfg = Release|Any CPU
		{9409299B-885E-48AC-A0F8-B19D253DB443}.Release|Any CPU.Build.0 = Release|Any CPU
		{CA4890D0-0AF5-415A-B8C9-911EC7D85BBE}.Debug|Any CPU.ActiveCfg = Debug|Any CPU
		{CA4890D0-0AF5-415A-B8C9-911EC7D85BBE}.Debug|Any CPU.Build.0 = Debug|Any CPU
		{CA4890D0-0AF5-415A-B8C9-911EC7D85BBE}.Release|Any CPU.ActiveCfg = Release|Any CPU
		{CA4890D0-0AF5-415A-B8C9-911EC7D85BBE}.Release|Any CPU.Build.0 = Release|Any CPU
		{33D7BD33-A04A-4BD8-8321-7152FC0B930D}.Debug|Any CPU.ActiveCfg = Debug|Any CPU
		{33D7BD33-A04A-4BD8-8321-7152FC0B930D}.Debug|Any CPU.Build.0 = Debug|Any CPU
		{33D7BD33-A04A-4BD8-8321-7152FC0B930D}.Release|Any CPU.ActiveCfg = Release|Any CPU
		{33D7BD33-A04A-4BD8-8321-7152FC0B930D}.Release|Any CPU.Build.0 = Release|Any CPU
		{5AE66668-0724-48EC-A6EB-A9D71220C108}.Debug|Any CPU.ActiveCfg = Debug|Any CPU
		{5AE66668-0724-48EC-A6EB-A9D71220C108}.Debug|Any CPU.Build.0 = Debug|Any CPU
		{5AE66668-0724-48EC-A6EB-A9D71220C108}.Release|Any CPU.ActiveCfg = Release|Any CPU
		{5AE66668-0724-48EC-A6EB-A9D71220C108}.Release|Any CPU.Build.0 = Release|Any CPU
		{E7F21087-791D-479E-B8D9-3EFAB5BE996F}.Debug|Any CPU.ActiveCfg = Debug|Any CPU
		{E7F21087-791D-479E-B8D9-3EFAB5BE996F}.Debug|Any CPU.Build.0 = Debug|Any CPU
		{E7F21087-791D-479E-B8D9-3EFAB5BE996F}.Release|Any CPU.ActiveCfg = Release|Any CPU
		{E7F21087-791D-479E-B8D9-3EFAB5BE996F}.Release|Any CPU.Build.0 = Release|Any CPU
		{22414AAD-C2DB-4783-98C5-07FD177D34D8}.Debug|Any CPU.ActiveCfg = Debug|Any CPU
		{22414AAD-C2DB-4783-98C5-07FD177D34D8}.Debug|Any CPU.Build.0 = Debug|Any CPU
		{22414AAD-C2DB-4783-98C5-07FD177D34D8}.Release|Any CPU.ActiveCfg = Release|Any CPU
		{22414AAD-C2DB-4783-98C5-07FD177D34D8}.Release|Any CPU.Build.0 = Release|Any CPU
		{656F0AC1-5C50-4450-B00C-E8351156687B}.Debug|Any CPU.ActiveCfg = Debug|Any CPU
		{656F0AC1-5C50-4450-B00C-E8351156687B}.Debug|Any CPU.Build.0 = Debug|Any CPU
		{656F0AC1-5C50-4450-B00C-E8351156687B}.Release|Any CPU.ActiveCfg = Release|Any CPU
		{656F0AC1-5C50-4450-B00C-E8351156687B}.Release|Any CPU.Build.0 = Release|Any CPU
	EndGlobalSection
	GlobalSection(SolutionProperties) = preSolution
		HideSolutionNode = FALSE
	EndGlobalSection
	GlobalSection(NestedProjects) = preSolution
		{5294F50B-7FED-43E5-A6BA-82301DD4FF53} = {483BBFCB-ECD8-4938-9C31-A1AE93478443}
		{79A2243A-81FF-439A-B2AD-C837EB35EE26} = {5294F50B-7FED-43E5-A6BA-82301DD4FF53}
		{4E3527EE-417C-491E-8A3F-DDA31591D209} = {483BBFCB-ECD8-4938-9C31-A1AE93478443}
		{7EAD2756-8468-4B72-A854-746CC4EDD69C} = {4E3527EE-417C-491E-8A3F-DDA31591D209}
		{FE224A1A-2452-4F72-8CF5-86A98DD0AD2B} = {483BBFCB-ECD8-4938-9C31-A1AE93478443}
		{D170ACEF-1C16-4B34-B0E8-DB59CA797095} = {FE224A1A-2452-4F72-8CF5-86A98DD0AD2B}
		{10B35B32-06EE-4659-9C52-3979FB9426A3} = {FE224A1A-2452-4F72-8CF5-86A98DD0AD2B}
		{DFEA7262-53E0-49A1-851C-31857CEC5985} = {483BBFCB-ECD8-4938-9C31-A1AE93478443}
		{B7BE4C07-53D5-4FE9-9049-8AA66DDA3775} = {DFEA7262-53E0-49A1-851C-31857CEC5985}
		{E28D456C-2939-4052-9336-5B69FB7A8DC6} = {DFEA7262-53E0-49A1-851C-31857CEC5985}
		{9409299B-885E-48AC-A0F8-B19D253DB443} = {DFEA7262-53E0-49A1-851C-31857CEC5985}
		{CA4890D0-0AF5-415A-B8C9-911EC7D85BBE} = {DFEA7262-53E0-49A1-851C-31857CEC5985}
		{FBF01FDA-0B0A-4543-868E-3F4B55EA0EC7} = {483BBFCB-ECD8-4938-9C31-A1AE93478443}
		{33D7BD33-A04A-4BD8-8321-7152FC0B930D} = {FBF01FDA-0B0A-4543-868E-3F4B55EA0EC7}
		{5AE66668-0724-48EC-A6EB-A9D71220C108} = {FBF01FDA-0B0A-4543-868E-3F4B55EA0EC7}
		{E7F21087-791D-479E-B8D9-3EFAB5BE996F} = {FBF01FDA-0B0A-4543-868E-3F4B55EA0EC7}
		{22414AAD-C2DB-4783-98C5-07FD177D34D8} = {FBF01FDA-0B0A-4543-868E-3F4B55EA0EC7}
		{656F0AC1-5C50-4450-B00C-E8351156687B} = {FBF01FDA-0B0A-4543-868E-3F4B55EA0EC7}
	EndGlobalSection
	GlobalSection(ExtensibilityGlobals) = postSolution
		SolutionGuid = {954F5904-2543-4A89-9894-A3636A9E6A69}
	EndGlobalSection
EndGlobal
