
Microsoft Visual Studio Solution File, Format Version 12.00
# Visual Studio Version 17
VisualStudioVersion = 17.6.33815.320
MinimumVisualStudioVersion = 10.0.40219.1
Project("{2150E333-8FDC-42A3-9474-1A3956D46DE8}") = "Services", "Services", "{483BBFCB-ECD8-4938-9C31-A1AE93478443}"
EndProject
Project("{2150E333-8FDC-42A3-9474-1A3956D46DE8}") = "Catalog", "Catalog", "{5294F50B-7FED-43E5-A6BA-82301DD4FF53}"
EndProject
Project("{9A19103F-16F7-4668-BE54-9A1E7A4F7556}") = "Catalog.API", "Services\Catalog\Catalog.API\Catalog.API.csproj", "{79A2243A-81FF-439A-B2AD-C837EB35EE26}"
EndProject
Project("{E53339B2-1760-4266-BCC7-CA923CBCF16C}") = "docker-compose", "docker-compose.dcproj", "{1D736CD1-B4DE-49AA-9A85-746937C7E30C}"
EndProject
Project("{2150E333-8FDC-42A3-9474-1A3956D46DE8}") = "Basket", "Basket", "{4E3527EE-417C-491E-8A3F-DDA31591D209}"
EndProject
Project("{FAE04EC0-301F-11D3-BF4B-00C04F79EFBC}") = "Basket.API", "Services\Basket\Basket.API\Basket.API.csproj", "{7EAD2756-8468-4B72-A854-746CC4EDD69C}"
EndProject
Global
	GlobalSection(SolutionConfigurationPlatforms) = preSolution
		Debug|Any CPU = Debug|Any CPU
		Release|Any CPU = Release|Any CPU
	EndGlobalSection
	GlobalSection(ProjectConfigurationPlatforms) = postSolution
		{79A2243A-81FF-439A-B2AD-C837EB35EE26}.Debug|Any CPU.ActiveCfg = Debug|Any CPU
		{79A2243A-81FF-439A-B2AD-C837EB35EE26}.Debug|Any CPU.Build.0 = Debug|Any CPU
		{79A2243A-81FF-439A-B2AD-C837EB35EE26}.Release|Any CPU.ActiveCfg = Release|Any CPU
		{79A2243A-81FF-439A-B2AD-C837EB35EE26}.Release|Any CPU.Build.0 = Release|Any CPU
		{1D736CD1-B4DE-49AA-9A85-746937C7E30C}.Debug|Any CPU.ActiveCfg = Debug|Any CPU
		{1D736CD1-B4DE-49AA-9A85-746937C7E30C}.Debug|Any CPU.Build.0 = Debug|Any CPU
		{1D736CD1-B4DE-49AA-9A85-746937C7E30C}.Release|Any CPU.ActiveCfg = Release|Any CPU
		{1D736CD1-B4DE-49AA-9A85-746937C7E30C}.Release|Any CPU.Build.0 = Release|Any CPU
		{7EAD2756-8468-4B72-A854-746CC4EDD69C}.Debug|Any CPU.ActiveCfg = Debug|Any CPU
		{7EAD2756-8468-4B72-A854-746CC4EDD69C}.Debug|Any CPU.Build.0 = Debug|Any CPU
		{7EAD2756-8468-4B72-A854-746CC4EDD69C}.Release|Any CPU.ActiveCfg = Release|Any CPU
		{7EAD2756-8468-4B72-A854-746CC4EDD69C}.Release|Any CPU.Build.0 = Release|Any CPU
	EndGlobalSection
	GlobalSection(SolutionProperties) = preSolution
		HideSolutionNode = FALSE
	EndGlobalSection
	GlobalSection(NestedProjects) = preSolution
		{5294F50B-7FED-43E5-A6BA-82301DD4FF53} = {483BBFCB-ECD8-4938-9C31-A1AE93478443}
		{79A2243A-81FF-439A-B2AD-C837EB35EE26} = {5294F50B-7FED-43E5-A6BA-82301DD4FF53}
		{4E3527EE-417C-491E-8A3F-DDA31591D209} = {483BBFCB-ECD8-4938-9C31-A1AE93478443}
		{7EAD2756-8468-4B72-A854-746CC4EDD69C} = {4E3527EE-417C-491E-8A3F-DDA31591D209}
	EndGlobalSection
	GlobalSection(ExtensibilityGlobals) = postSolution
		SolutionGuid = {954F5904-2543-4A89-9894-A3636A9E6A69}
	EndGlobalSection
EndGlobal
